// !$*UTF8*$!
{
	archiveVersion = 1;
	classes = {
	};
	objectVersion = 46;
	objects = {

/* Begin PBXBuildFile section */
		2F4599131A808518005CADE0 /* AppDelegate.swift in Sources */ = {isa = PBXBuildFile; fileRef = 2F4599121A808518005CADE0 /* AppDelegate.swift */; };
		2F4599151A808518005CADE0 /* MasterViewController.swift in Sources */ = {isa = PBXBuildFile; fileRef = 2F4599141A808518005CADE0 /* MasterViewController.swift */; };
		2F45991A1A808518005CADE0 /* Images.xcassets in Resources */ = {isa = PBXBuildFile; fileRef = 2F4599191A808518005CADE0 /* Images.xcassets */; };
		2F4599291A808519005CADE0 /* RottenTomatoesTests.swift in Sources */ = {isa = PBXBuildFile; fileRef = 2F4599281A808519005CADE0 /* RottenTomatoesTests.swift */; };
		2F45993D1A808989005CADE0 /* Bond.framework in Frameworks */ = {isa = PBXBuildFile; fileRef = 2F4599381A80895D005CADE0 /* Bond.framework */; };
		2F45993F1A8089E1005CADE0 /* Bond.framework in CopyFiles */ = {isa = PBXBuildFile; fileRef = 2F4599381A80895D005CADE0 /* Bond.framework */; settings = {ATTRIBUTES = (CodeSignOnCopy, RemoveHeadersOnCopy, ); }; };
		2F919EAC1A83F00300EDDCEC /* ViewModelServices.swift in Sources */ = {isa = PBXBuildFile; fileRef = 2F919EAB1A83F00300EDDCEC /* ViewModelServices.swift */; };
		2F919EAE1A83F0BF00EDDCEC /* MasterViewModel.swift in Sources */ = {isa = PBXBuildFile; fileRef = 2F919EAD1A83F0BF00EDDCEC /* MasterViewModel.swift */; };
		2F919EB01A83F22700EDDCEC /* ViewModelServicesImpl.swift in Sources */ = {isa = PBXBuildFile; fileRef = 2F919EAF1A83F22700EDDCEC /* ViewModelServicesImpl.swift */; };
		2F919EBA1A83F62B00EDDCEC /* MoviesListViewController.xib in Resources */ = {isa = PBXBuildFile; fileRef = 2F919EB81A83F62B00EDDCEC /* MoviesListViewController.xib */; };
		2F919EBD1A83F6E100EDDCEC /* MoviesListViewModel.swift in Sources */ = {isa = PBXBuildFile; fileRef = 2F919EBC1A83F6E100EDDCEC /* MoviesListViewModel.swift */; };
		2F919EC01A83F77100EDDCEC /* DVDListViewModel.swift in Sources */ = {isa = PBXBuildFile; fileRef = 2F919EBF1A83F77100EDDCEC /* DVDListViewModel.swift */; };
		2F919EC31A83F79100EDDCEC /* DVDListViewController.swift in Sources */ = {isa = PBXBuildFile; fileRef = 2F919EC11A83F79100EDDCEC /* DVDListViewController.swift */; };
		2F919EC41A83F79100EDDCEC /* DVDListViewController.xib in Resources */ = {isa = PBXBuildFile; fileRef = 2F919EC21A83F79100EDDCEC /* DVDListViewController.xib */; };
		2F919EC61A84020200EDDCEC /* MasterViewController.xib in Resources */ = {isa = PBXBuildFile; fileRef = 2F919EC51A84020200EDDCEC /* MasterViewController.xib */; };
		2F919ECB1A84057E00EDDCEC /* RottenTomatoesService.swift in Sources */ = {isa = PBXBuildFile; fileRef = 2F919ECA1A84057E00EDDCEC /* RottenTomatoesService.swift */; };
		2F919ECD1A84071500EDDCEC /* RottenTomatoesServiceImpl.swift in Sources */ = {isa = PBXBuildFile; fileRef = 2F919ECC1A84071500EDDCEC /* RottenTomatoesServiceImpl.swift */; };
		2F919ED01A840EE700EDDCEC /* Movie.swift in Sources */ = {isa = PBXBuildFile; fileRef = 2F919ECF1A840EE700EDDCEC /* Movie.swift */; };
		2F919ED21A84174E00EDDCEC /* MovieViewModel.swift in Sources */ = {isa = PBXBuildFile; fileRef = 2F919ED11A84174E00EDDCEC /* MovieViewModel.swift */; };
		2F919ED51A841A4000EDDCEC /* MovieTableViewCell.swift in Sources */ = {isa = PBXBuildFile; fileRef = 2F919ED31A841A4000EDDCEC /* MovieTableViewCell.swift */; };
		2F919ED61A841A4000EDDCEC /* MovieTableViewCell.xib in Resources */ = {isa = PBXBuildFile; fileRef = 2F919ED41A841A4000EDDCEC /* MovieTableViewCell.xib */; };
		2F919ED91A84221A00EDDCEC /* NSLayoutConstraint+Extensions.swift in Sources */ = {isa = PBXBuildFile; fileRef = 2F919ED81A84221A00EDDCEC /* NSLayoutConstraint+Extensions.swift */; };
		2F919EE01A84354700EDDCEC /* ReactiveView.swift in Sources */ = {isa = PBXBuildFile; fileRef = 2F919EDF1A84354700EDDCEC /* ReactiveView.swift */; };
		2F919EE21A844CE300EDDCEC /* MoviesListViewController.swift in Sources */ = {isa = PBXBuildFile; fileRef = 2F919EE11A844CE300EDDCEC /* MoviesListViewController.swift */; };
		2F919EE61A84537D00EDDCEC /* MovieDetailViewController.swift in Sources */ = {isa = PBXBuildFile; fileRef = 2F919EE41A84537D00EDDCEC /* MovieDetailViewController.swift */; };
		2F919EE71A84537D00EDDCEC /* MovieDetailViewController.xib in Resources */ = {isa = PBXBuildFile; fileRef = 2F919EE51A84537D00EDDCEC /* MovieDetailViewController.xib */; };
		2F919F151A881BEA00EDDCEC /* iconmonstr-warning-6-icon-64.png in Resources */ = {isa = PBXBuildFile; fileRef = 2F919F141A881BEA00EDDCEC /* iconmonstr-warning-6-icon-64.png */; };
		2F919F181A881F2A00EDDCEC /* iconmonstr-video-icon-64@2x.png in Resources */ = {isa = PBXBuildFile; fileRef = 2F919F161A881F2A00EDDCEC /* iconmonstr-video-icon-64@2x.png */; };
		2F919F191A881F2A00EDDCEC /* iconmonstr-disc-3-icon-64@2x.png in Resources */ = {isa = PBXBuildFile; fileRef = 2F919F171A881F2A00EDDCEC /* iconmonstr-disc-3-icon-64@2x.png */; };
		2F919F1F1A8828E600EDDCEC /* DVDListType.swift in Sources */ = {isa = PBXBuildFile; fileRef = 2F919F1E1A8828E600EDDCEC /* DVDListType.swift */; };
		74E9B6BB606AA98F47BED3D4 /* Pods_RottenTomatoes.framework in Frameworks */ = {isa = PBXBuildFile; fileRef = 3837CF279411EF10C2DACAE0 /* Pods_RottenTomatoes.framework */; settings = {ATTRIBUTES = (Weak, ); }; };
/* End PBXBuildFile section */

/* Begin PBXContainerItemProxy section */
		2F4599231A808519005CADE0 /* PBXContainerItemProxy */ = {
			isa = PBXContainerItemProxy;
			containerPortal = 2F4599051A808518005CADE0 /* Project object */;
			proxyType = 1;
			remoteGlobalIDString = 2F45990C1A808518005CADE0;
			remoteInfo = RottenTomatoes;
		};
		2F4599371A80895D005CADE0 /* PBXContainerItemProxy */ = {
			isa = PBXContainerItemProxy;
			containerPortal = 2F4599321A80895D005CADE0 /* Bond.xcodeproj */;
			proxyType = 2;
			remoteGlobalIDString = 69491BAE1A7C217100A13B6B;
			remoteInfo = Bond;
		};
		2F4599391A80895D005CADE0 /* PBXContainerItemProxy */ = {
			isa = PBXContainerItemProxy;
			containerPortal = 2F4599321A80895D005CADE0 /* Bond.xcodeproj */;
			proxyType = 2;
			remoteGlobalIDString = 69491BB91A7C217100A13B6B;
			remoteInfo = BondTests;
		};
		2F45993B1A808980005CADE0 /* PBXContainerItemProxy */ = {
			isa = PBXContainerItemProxy;
			containerPortal = 2F4599321A80895D005CADE0 /* Bond.xcodeproj */;
			proxyType = 1;
			remoteGlobalIDString = 69491BAD1A7C217100A13B6B;
			remoteInfo = Bond;
		};
/* End PBXContainerItemProxy section */

/* Begin PBXCopyFilesBuildPhase section */
		2F45993E1A8089CC005CADE0 /* CopyFiles */ = {
			isa = PBXCopyFilesBuildPhase;
			buildActionMask = 2147483647;
			dstPath = "";
			dstSubfolderSpec = 10;
			files = (
				2F45993F1A8089E1005CADE0 /* Bond.framework in CopyFiles */,
			);
			runOnlyForDeploymentPostprocessing = 0;
		};
/* End PBXCopyFilesBuildPhase section */

/* Begin PBXFileReference section */
		24BBD7891C17CAB57584D2BF /* Pods-RottenTomatoes.debug.xcconfig */ = {isa = PBXFileReference; includeInIndex = 1; lastKnownFileType = text.xcconfig; name = "Pods-RottenTomatoes.debug.xcconfig"; path = "Pods/Target Support Files/Pods-RottenTomatoes/Pods-RottenTomatoes.debug.xcconfig"; sourceTree = "<group>"; };
		2F45990D1A808518005CADE0 /* RottenTomatoes.app */ = {isa = PBXFileReference; explicitFileType = wrapper.application; includeInIndex = 0; path = RottenTomatoes.app; sourceTree = BUILT_PRODUCTS_DIR; };
		2F4599111A808518005CADE0 /* Info.plist */ = {isa = PBXFileReference; lastKnownFileType = text.plist.xml; path = Info.plist; sourceTree = "<group>"; };
		2F4599121A808518005CADE0 /* AppDelegate.swift */ = {isa = PBXFileReference; lastKnownFileType = sourcecode.swift; path = AppDelegate.swift; sourceTree = "<group>"; };
		2F4599141A808518005CADE0 /* MasterViewController.swift */ = {isa = PBXFileReference; lastKnownFileType = sourcecode.swift; path = MasterViewController.swift; sourceTree = "<group>"; };
		2F4599191A808518005CADE0 /* Images.xcassets */ = {isa = PBXFileReference; lastKnownFileType = folder.assetcatalog; path = Images.xcassets; sourceTree = "<group>"; };
		2F4599221A808519005CADE0 /* RottenTomatoesTests.xctest */ = {isa = PBXFileReference; explicitFileType = wrapper.cfbundle; includeInIndex = 0; path = RottenTomatoesTests.xctest; sourceTree = BUILT_PRODUCTS_DIR; };
		2F4599271A808519005CADE0 /* Info.plist */ = {isa = PBXFileReference; lastKnownFileType = text.plist.xml; path = Info.plist; sourceTree = "<group>"; };
		2F4599281A808519005CADE0 /* RottenTomatoesTests.swift */ = {isa = PBXFileReference; lastKnownFileType = sourcecode.swift; path = RottenTomatoesTests.swift; sourceTree = "<group>"; };
		2F4599321A80895D005CADE0 /* Bond.xcodeproj */ = {isa = PBXFileReference; lastKnownFileType = "wrapper.pb-project"; name = Bond.xcodeproj; path = Bond/Bond.xcodeproj; sourceTree = "<group>"; };
		2F919EAB1A83F00300EDDCEC /* ViewModelServices.swift */ = {isa = PBXFileReference; fileEncoding = 4; lastKnownFileType = sourcecode.swift; path = ViewModelServices.swift; sourceTree = "<group>"; };
		2F919EAD1A83F0BF00EDDCEC /* MasterViewModel.swift */ = {isa = PBXFileReference; fileEncoding = 4; lastKnownFileType = sourcecode.swift; path = MasterViewModel.swift; sourceTree = "<group>"; };
		2F919EAF1A83F22700EDDCEC /* ViewModelServicesImpl.swift */ = {isa = PBXFileReference; fileEncoding = 4; lastKnownFileType = sourcecode.swift; path = ViewModelServicesImpl.swift; sourceTree = "<group>"; };
		2F919EB81A83F62B00EDDCEC /* MoviesListViewController.xib */ = {isa = PBXFileReference; fileEncoding = 4; lastKnownFileType = file.xib; path = MoviesListViewController.xib; sourceTree = "<group>"; };
		2F919EBC1A83F6E100EDDCEC /* MoviesListViewModel.swift */ = {isa = PBXFileReference; fileEncoding = 4; lastKnownFileType = sourcecode.swift; path = MoviesListViewModel.swift; sourceTree = "<group>"; };
		2F919EBF1A83F77100EDDCEC /* DVDListViewModel.swift */ = {isa = PBXFileReference; fileEncoding = 4; lastKnownFileType = sourcecode.swift; path = DVDListViewModel.swift; sourceTree = "<group>"; };
		2F919EC11A83F79100EDDCEC /* DVDListViewController.swift */ = {isa = PBXFileReference; fileEncoding = 4; lastKnownFileType = sourcecode.swift; path = DVDListViewController.swift; sourceTree = "<group>"; };
		2F919EC21A83F79100EDDCEC /* DVDListViewController.xib */ = {isa = PBXFileReference; fileEncoding = 4; lastKnownFileType = file.xib; path = DVDListViewController.xib; sourceTree = "<group>"; };
		2F919EC51A84020200EDDCEC /* MasterViewController.xib */ = {isa = PBXFileReference; fileEncoding = 4; lastKnownFileType = file.xib; path = MasterViewController.xib; sourceTree = "<group>"; };
		2F919ECA1A84057E00EDDCEC /* RottenTomatoesService.swift */ = {isa = PBXFileReference; fileEncoding = 4; lastKnownFileType = sourcecode.swift; path = RottenTomatoesService.swift; sourceTree = "<group>"; };
		2F919ECC1A84071500EDDCEC /* RottenTomatoesServiceImpl.swift */ = {isa = PBXFileReference; fileEncoding = 4; lastKnownFileType = sourcecode.swift; path = RottenTomatoesServiceImpl.swift; sourceTree = "<group>"; };
		2F919ECF1A840EE700EDDCEC /* Movie.swift */ = {isa = PBXFileReference; fileEncoding = 4; lastKnownFileType = sourcecode.swift; path = Movie.swift; sourceTree = "<group>"; };
		2F919ED11A84174E00EDDCEC /* MovieViewModel.swift */ = {isa = PBXFileReference; fileEncoding = 4; lastKnownFileType = sourcecode.swift; path = MovieViewModel.swift; sourceTree = "<group>"; };
		2F919ED31A841A4000EDDCEC /* MovieTableViewCell.swift */ = {isa = PBXFileReference; fileEncoding = 4; lastKnownFileType = sourcecode.swift; path = MovieTableViewCell.swift; sourceTree = "<group>"; };
		2F919ED41A841A4000EDDCEC /* MovieTableViewCell.xib */ = {isa = PBXFileReference; fileEncoding = 4; lastKnownFileType = file.xib; path = MovieTableViewCell.xib; sourceTree = "<group>"; };
		2F919ED81A84221A00EDDCEC /* NSLayoutConstraint+Extensions.swift */ = {isa = PBXFileReference; fileEncoding = 4; lastKnownFileType = sourcecode.swift; path = "NSLayoutConstraint+Extensions.swift"; sourceTree = "<group>"; };
		2F919EDB1A842EE200EDDCEC /* RottenTomatoes-Bridging-Header.h */ = {isa = PBXFileReference; lastKnownFileType = sourcecode.c.h; path = "RottenTomatoes-Bridging-Header.h"; sourceTree = "<group>"; };
		2F919EDF1A84354700EDDCEC /* ReactiveView.swift */ = {isa = PBXFileReference; fileEncoding = 4; lastKnownFileType = sourcecode.swift; path = ReactiveView.swift; sourceTree = "<group>"; };
		2F919EE11A844CE300EDDCEC /* MoviesListViewController.swift */ = {isa = PBXFileReference; fileEncoding = 4; lastKnownFileType = sourcecode.swift; path = MoviesListViewController.swift; sourceTree = "<group>"; };
		2F919EE41A84537D00EDDCEC /* MovieDetailViewController.swift */ = {isa = PBXFileReference; fileEncoding = 4; lastKnownFileType = sourcecode.swift; path = MovieDetailViewController.swift; sourceTree = "<group>"; };
		2F919EE51A84537D00EDDCEC /* MovieDetailViewController.xib */ = {isa = PBXFileReference; fileEncoding = 4; lastKnownFileType = file.xib; path = MovieDetailViewController.xib; sourceTree = "<group>"; };
		2F919F141A881BEA00EDDCEC /* iconmonstr-warning-6-icon-64.png */ = {isa = PBXFileReference; lastKnownFileType = image.png; path = "iconmonstr-warning-6-icon-64.png"; sourceTree = "<group>"; };
		2F919F161A881F2A00EDDCEC /* iconmonstr-video-icon-64@2x.png */ = {isa = PBXFileReference; lastKnownFileType = image.png; path = "iconmonstr-video-icon-64@2x.png"; sourceTree = "<group>"; };
		2F919F171A881F2A00EDDCEC /* iconmonstr-disc-3-icon-64@2x.png */ = {isa = PBXFileReference; lastKnownFileType = image.png; path = "iconmonstr-disc-3-icon-64@2x.png"; sourceTree = "<group>"; };
		2F919F1E1A8828E600EDDCEC /* DVDListType.swift */ = {isa = PBXFileReference; fileEncoding = 4; lastKnownFileType = sourcecode.swift; path = DVDListType.swift; sourceTree = "<group>"; };
		3837CF279411EF10C2DACAE0 /* Pods_RottenTomatoes.framework */ = {isa = PBXFileReference; explicitFileType = wrapper.framework; includeInIndex = 0; path = Pods_RottenTomatoes.framework; sourceTree = BUILT_PRODUCTS_DIR; };
		B978DEB99F06F7C27AFEA1FF /* Pods-RottenTomatoes.release.xcconfig */ = {isa = PBXFileReference; includeInIndex = 1; lastKnownFileType = text.xcconfig; name = "Pods-RottenTomatoes.release.xcconfig"; path = "Pods/Target Support Files/Pods-RottenTomatoes/Pods-RottenTomatoes.release.xcconfig"; sourceTree = "<group>"; };
/* End PBXFileReference section */

/* Begin PBXFrameworksBuildPhase section */
		2F45990A1A808518005CADE0 /* Frameworks */ = {
			isa = PBXFrameworksBuildPhase;
			buildActionMask = 2147483647;
			files = (
				2F45993D1A808989005CADE0 /* Bond.framework in Frameworks */,
				74E9B6BB606AA98F47BED3D4 /* Pods_RottenTomatoes.framework in Frameworks */,
			);
			runOnlyForDeploymentPostprocessing = 0;
		};
		2F45991F1A808519005CADE0 /* Frameworks */ = {
			isa = PBXFrameworksBuildPhase;
			buildActionMask = 2147483647;
			files = (
			);
			runOnlyForDeploymentPostprocessing = 0;
		};
/* End PBXFrameworksBuildPhase section */

/* Begin PBXGroup section */
		2F4599041A808518005CADE0 = {
			isa = PBXGroup;
			children = (
				2F4599321A80895D005CADE0 /* Bond.xcodeproj */,
				2F45990F1A808518005CADE0 /* RottenTomatoes */,
				2F4599251A808519005CADE0 /* RottenTomatoesTests */,
				2F45990E1A808518005CADE0 /* Products */,
				49B61DD0853A738944275001 /* Pods */,
				E0654D500078F7539D0A217F /* Frameworks */,
			);
			sourceTree = "<group>";
		};
		2F45990E1A808518005CADE0 /* Products */ = {
			isa = PBXGroup;
			children = (
				2F45990D1A808518005CADE0 /* RottenTomatoes.app */,
				2F4599221A808519005CADE0 /* RottenTomatoesTests.xctest */,
			);
			name = Products;
			sourceTree = "<group>";
		};
		2F45990F1A808518005CADE0 /* RottenTomatoes */ = {
			isa = PBXGroup;
			children = (
				2F919F131A881B3C00EDDCEC /* Assets */,
				2F919EAA1A83EFC100EDDCEC /* Model */,
				2F919EA81A83EFB600EDDCEC /* View */,
				2F919EA91A83EFBB00EDDCEC /* ViewModel */,
				2F4599121A808518005CADE0 /* AppDelegate.swift */,
				2F4599191A808518005CADE0 /* Images.xcassets */,
				2F919ED71A84220000EDDCEC /* Util */,
				2F4599101A808518005CADE0 /* Supporting Files */,
				2F919EDB1A842EE200EDDCEC /* RottenTomatoes-Bridging-Header.h */,
			);
			path = RottenTomatoes;
			sourceTree = "<group>";
		};
		2F4599101A808518005CADE0 /* Supporting Files */ = {
			isa = PBXGroup;
			children = (
				2F4599111A808518005CADE0 /* Info.plist */,
			);
			name = "Supporting Files";
			sourceTree = "<group>";
		};
		2F4599251A808519005CADE0 /* RottenTomatoesTests */ = {
			isa = PBXGroup;
			children = (
				2F4599281A808519005CADE0 /* RottenTomatoesTests.swift */,
				2F4599261A808519005CADE0 /* Supporting Files */,
			);
			path = RottenTomatoesTests;
			sourceTree = "<group>";
		};
		2F4599261A808519005CADE0 /* Supporting Files */ = {
			isa = PBXGroup;
			children = (
				2F4599271A808519005CADE0 /* Info.plist */,
			);
			name = "Supporting Files";
			sourceTree = "<group>";
		};
		2F4599331A80895D005CADE0 /* Products */ = {
			isa = PBXGroup;
			children = (
				2F4599381A80895D005CADE0 /* Bond.framework */,
				2F45993A1A80895D005CADE0 /* BondTests.xctest */,
			);
			name = Products;
			sourceTree = "<group>";
		};
		2F919EA81A83EFB600EDDCEC /* View */ = {
			isa = PBXGroup;
			children = (
				2F919ECE1A840E1100EDDCEC /* Master */,
				2F919EB11A83F4EF00EDDCEC /* MoviesList */,
			);
			name = View;
			sourceTree = "<group>";
		};
		2F919EA91A83EFBB00EDDCEC /* ViewModel */ = {
			isa = PBXGroup;
			children = (
				2F919EBE1A83F75F00EDDCEC /* DVDList */,
				2F919EBB1A83F6CE00EDDCEC /* MoviesList */,
				2F919ED11A84174E00EDDCEC /* MovieViewModel.swift */,
				2F919EAB1A83F00300EDDCEC /* ViewModelServices.swift */,
				2F919EAF1A83F22700EDDCEC /* ViewModelServicesImpl.swift */,
				2F919EAD1A83F0BF00EDDCEC /* MasterViewModel.swift */,
			);
			name = ViewModel;
			sourceTree = "<group>";
		};
		2F919EAA1A83EFC100EDDCEC /* Model */ = {
			isa = PBXGroup;
			children = (
				2F919EC81A84055900EDDCEC /* Services */,
				2F919ECF1A840EE700EDDCEC /* Movie.swift */,
				2F919F1E1A8828E600EDDCEC /* DVDListType.swift */,
			);
			name = Model;
			sourceTree = "<group>";
		};
		2F919EB11A83F4EF00EDDCEC /* MoviesList */ = {
			isa = PBXGroup;
			children = (
				2F919EE31A84536400EDDCEC /* MovieDetail */,
				2F919EB21A83F50400EDDCEC /* DVDListTable */,
				2F919F1A1A8822A500EDDCEC /* MoviesListTable */,
				2F919F1B1A8822B300EDDCEC /* MovieCell */,
			);
			name = MoviesList;
			sourceTree = "<group>";
		};
		2F919EB21A83F50400EDDCEC /* DVDListTable */ = {
			isa = PBXGroup;
			children = (
				2F919EC11A83F79100EDDCEC /* DVDListViewController.swift */,
				2F919EC21A83F79100EDDCEC /* DVDListViewController.xib */,
			);
			name = DVDListTable;
			sourceTree = "<group>";
		};
		2F919EBB1A83F6CE00EDDCEC /* MoviesList */ = {
			isa = PBXGroup;
			children = (
				2F919EBC1A83F6E100EDDCEC /* MoviesListViewModel.swift */,
			);
			name = MoviesList;
			sourceTree = "<group>";
		};
		2F919EBE1A83F75F00EDDCEC /* DVDList */ = {
			isa = PBXGroup;
			children = (
				2F919EBF1A83F77100EDDCEC /* DVDListViewModel.swift */,
			);
			name = DVDList;
			sourceTree = "<group>";
		};
		2F919EC81A84055900EDDCEC /* Services */ = {
			isa = PBXGroup;
			children = (
				2F919ECA1A84057E00EDDCEC /* RottenTomatoesService.swift */,
				2F919ECC1A84071500EDDCEC /* RottenTomatoesServiceImpl.swift */,
			);
			name = Services;
			sourceTree = "<group>";
		};
		2F919ECE1A840E1100EDDCEC /* Master */ = {
			isa = PBXGroup;
			children = (
				2F4599141A808518005CADE0 /* MasterViewController.swift */,
				2F919EC51A84020200EDDCEC /* MasterViewController.xib */,
			);
			name = Master;
			sourceTree = "<group>";
		};
		2F919ED71A84220000EDDCEC /* Util */ = {
			isa = PBXGroup;
			children = (
				2F919ED81A84221A00EDDCEC /* NSLayoutConstraint+Extensions.swift */,
				2F919EDF1A84354700EDDCEC /* ReactiveView.swift */,
			);
			name = Util;
			sourceTree = "<group>";
		};
		2F919EE31A84536400EDDCEC /* MovieDetail */ = {
			isa = PBXGroup;
			children = (
				2F919EE41A84537D00EDDCEC /* MovieDetailViewController.swift */,
				2F919EE51A84537D00EDDCEC /* MovieDetailViewController.xib */,
			);
			name = MovieDetail;
			sourceTree = "<group>";
		};
		2F919F131A881B3C00EDDCEC /* Assets */ = {
			isa = PBXGroup;
			children = (
				2F919F141A881BEA00EDDCEC /* iconmonstr-warning-6-icon-64.png */,
				2F919F161A881F2A00EDDCEC /* iconmonstr-video-icon-64@2x.png */,
				2F919F171A881F2A00EDDCEC /* iconmonstr-disc-3-icon-64@2x.png */,
			);
			name = Assets;
			sourceTree = "<group>";
		};
		2F919F1A1A8822A500EDDCEC /* MoviesListTable */ = {
			isa = PBXGroup;
			children = (
				2F919EE11A844CE300EDDCEC /* MoviesListViewController.swift */,
				2F919EB81A83F62B00EDDCEC /* MoviesListViewController.xib */,
			);
			name = MoviesListTable;
			sourceTree = "<group>";
		};
		2F919F1B1A8822B300EDDCEC /* MovieCell */ = {
			isa = PBXGroup;
			children = (
				2F919ED31A841A4000EDDCEC /* MovieTableViewCell.swift */,
				2F919ED41A841A4000EDDCEC /* MovieTableViewCell.xib */,
			);
			name = MovieCell;
			sourceTree = "<group>";
		};
		49B61DD0853A738944275001 /* Pods */ = {
			isa = PBXGroup;
			children = (
				24BBD7891C17CAB57584D2BF /* Pods-RottenTomatoes.debug.xcconfig */,
				B978DEB99F06F7C27AFEA1FF /* Pods-RottenTomatoes.release.xcconfig */,
			);
			name = Pods;
			sourceTree = "<group>";
		};
		E0654D500078F7539D0A217F /* Frameworks */ = {
			isa = PBXGroup;
			children = (
				3837CF279411EF10C2DACAE0 /* Pods_RottenTomatoes.framework */,
			);
			name = Frameworks;
			sourceTree = "<group>";
		};
/* End PBXGroup section */

/* Begin PBXNativeTarget section */
		2F45990C1A808518005CADE0 /* RottenTomatoes */ = {
			isa = PBXNativeTarget;
			buildConfigurationList = 2F45992C1A808519005CADE0 /* Build configuration list for PBXNativeTarget "RottenTomatoes" */;
			buildPhases = (
				D7B3D91AC27901AD26B6FFC7 /* Check Pods Manifest.lock */,
				2F4599091A808518005CADE0 /* Sources */,
				2F45990A1A808518005CADE0 /* Frameworks */,
				2F45990B1A808518005CADE0 /* Resources */,
				2F45993E1A8089CC005CADE0 /* CopyFiles */,
				EBE28F4B41283504D2D3EEC0 /* Embed Pods Frameworks */,
				2C95FDF0CE12B6F079A5075F /* Copy Pods Resources */,
			);
			buildRules = (
			);
			dependencies = (
				2F45993C1A808980005CADE0 /* PBXTargetDependency */,
			);
			name = RottenTomatoes;
			productName = RottenTomatoes;
			productReference = 2F45990D1A808518005CADE0 /* RottenTomatoes.app */;
			productType = "com.apple.product-type.application";
		};
		2F4599211A808519005CADE0 /* RottenTomatoesTests */ = {
			isa = PBXNativeTarget;
			buildConfigurationList = 2F45992F1A808519005CADE0 /* Build configuration list for PBXNativeTarget "RottenTomatoesTests" */;
			buildPhases = (
				2F45991E1A808519005CADE0 /* Sources */,
				2F45991F1A808519005CADE0 /* Frameworks */,
				2F4599201A808519005CADE0 /* Resources */,
			);
			buildRules = (
			);
			dependencies = (
				2F4599241A808519005CADE0 /* PBXTargetDependency */,
			);
			name = RottenTomatoesTests;
			productName = RottenTomatoesTests;
			productReference = 2F4599221A808519005CADE0 /* RottenTomatoesTests.xctest */;
			productType = "com.apple.product-type.bundle.unit-test";
		};
/* End PBXNativeTarget section */

/* Begin PBXProject section */
		2F4599051A808518005CADE0 /* Project object */ = {
			isa = PBXProject;
			attributes = {
				LastUpgradeCheck = 0610;
				ORGANIZATIONNAME = "Josh Lehman";
				TargetAttributes = {
					2F45990C1A808518005CADE0 = {
						CreatedOnToolsVersion = 6.1.1;
					};
					2F4599211A808519005CADE0 = {
						CreatedOnToolsVersion = 6.1.1;
						TestTargetID = 2F45990C1A808518005CADE0;
					};
				};
			};
			buildConfigurationList = 2F4599081A808518005CADE0 /* Build configuration list for PBXProject "RottenTomatoes" */;
			compatibilityVersion = "Xcode 3.2";
			developmentRegion = English;
			hasScannedForEncodings = 0;
			knownRegions = (
				en,
				Base,
			);
			mainGroup = 2F4599041A808518005CADE0;
			productRefGroup = 2F45990E1A808518005CADE0 /* Products */;
			projectDirPath = "";
			projectReferences = (
				{
					ProductGroup = 2F4599331A80895D005CADE0 /* Products */;
					ProjectRef = 2F4599321A80895D005CADE0 /* Bond.xcodeproj */;
				},
			);
			projectRoot = "";
			targets = (
				2F45990C1A808518005CADE0 /* RottenTomatoes */,
				2F4599211A808519005CADE0 /* RottenTomatoesTests */,
			);
		};
/* End PBXProject section */

/* Begin PBXReferenceProxy section */
		2F4599381A80895D005CADE0 /* Bond.framework */ = {
			isa = PBXReferenceProxy;
			fileType = wrapper.framework;
			path = Bond.framework;
			remoteRef = 2F4599371A80895D005CADE0 /* PBXContainerItemProxy */;
			sourceTree = BUILT_PRODUCTS_DIR;
		};
		2F45993A1A80895D005CADE0 /* BondTests.xctest */ = {
			isa = PBXReferenceProxy;
			fileType = wrapper.cfbundle;
			path = BondTests.xctest;
			remoteRef = 2F4599391A80895D005CADE0 /* PBXContainerItemProxy */;
			sourceTree = BUILT_PRODUCTS_DIR;
		};
/* End PBXReferenceProxy section */

/* Begin PBXResourcesBuildPhase section */
		2F45990B1A808518005CADE0 /* Resources */ = {
			isa = PBXResourcesBuildPhase;
			buildActionMask = 2147483647;
			files = (
				2F919EE71A84537D00EDDCEC /* MovieDetailViewController.xib in Resources */,
				2F919EC61A84020200EDDCEC /* MasterViewController.xib in Resources */,
				2F919ED61A841A4000EDDCEC /* MovieTableViewCell.xib in Resources */,
				2F919F151A881BEA00EDDCEC /* iconmonstr-warning-6-icon-64.png in Resources */,
				2F919F181A881F2A00EDDCEC /* iconmonstr-video-icon-64@2x.png in Resources */,
				2F919EC41A83F79100EDDCEC /* DVDListViewController.xib in Resources */,
				2F45991A1A808518005CADE0 /* Images.xcassets in Resources */,
				2F919EBA1A83F62B00EDDCEC /* MoviesListViewController.xib in Resources */,
				2F919F191A881F2A00EDDCEC /* iconmonstr-disc-3-icon-64@2x.png in Resources */,
			);
			runOnlyForDeploymentPostprocessing = 0;
		};
		2F4599201A808519005CADE0 /* Resources */ = {
			isa = PBXResourcesBuildPhase;
			buildActionMask = 2147483647;
			files = (
			);
			runOnlyForDeploymentPostprocessing = 0;
		};
/* End PBXResourcesBuildPhase section */

/* Begin PBXShellScriptBuildPhase section */
		2C95FDF0CE12B6F079A5075F /* Copy Pods Resources */ = {
			isa = PBXShellScriptBuildPhase;
			buildActionMask = 2147483647;
			files = (
			);
			inputPaths = (
			);
			name = "Copy Pods Resources";
			outputPaths = (
			);
			runOnlyForDeploymentPostprocessing = 0;
			shellPath = /bin/sh;
			shellScript = "\"${SRCROOT}/Pods/Target Support Files/Pods-RottenTomatoes/Pods-RottenTomatoes-resources.sh\"\n";
			showEnvVarsInLog = 0;
		};
		D7B3D91AC27901AD26B6FFC7 /* Check Pods Manifest.lock */ = {
			isa = PBXShellScriptBuildPhase;
			buildActionMask = 2147483647;
			files = (
			);
			inputPaths = (
			);
			name = "Check Pods Manifest.lock";
			outputPaths = (
			);
			runOnlyForDeploymentPostprocessing = 0;
			shellPath = /bin/sh;
			shellScript = "diff \"${PODS_ROOT}/../Podfile.lock\" \"${PODS_ROOT}/Manifest.lock\" > /dev/null\nif [[ $? != 0 ]] ; then\n    cat << EOM\nerror: The sandbox is not in sync with the Podfile.lock. Run 'pod install' or update your CocoaPods installation.\nEOM\n    exit 1\nfi\n";
			showEnvVarsInLog = 0;
		};
		EBE28F4B41283504D2D3EEC0 /* Embed Pods Frameworks */ = {
			isa = PBXShellScriptBuildPhase;
			buildActionMask = 2147483647;
			files = (
			);
			inputPaths = (
			);
			name = "Embed Pods Frameworks";
			outputPaths = (
			);
			runOnlyForDeploymentPostprocessing = 0;
			shellPath = /bin/sh;
			shellScript = "\"${SRCROOT}/Pods/Target Support Files/Pods-RottenTomatoes/Pods-RottenTomatoes-frameworks.sh\"\n";
			showEnvVarsInLog = 0;
		};
/* End PBXShellScriptBuildPhase section */

/* Begin PBXSourcesBuildPhase section */
		2F4599091A808518005CADE0 /* Sources */ = {
			isa = PBXSourcesBuildPhase;
			buildActionMask = 2147483647;
			files = (
				2F919EAE1A83F0BF00EDDCEC /* MasterViewModel.swift in Sources */,
				2F919ECD1A84071500EDDCEC /* RottenTomatoesServiceImpl.swift in Sources */,
				2F919ED51A841A4000EDDCEC /* MovieTableViewCell.swift in Sources */,
				2F919ED01A840EE700EDDCEC /* Movie.swift in Sources */,
				2F919EAC1A83F00300EDDCEC /* ViewModelServices.swift in Sources */,
				2F919EC31A83F79100EDDCEC /* DVDListViewController.swift in Sources */,
				2F919EE61A84537D00EDDCEC /* MovieDetailViewController.swift in Sources */,
				2F919ED21A84174E00EDDCEC /* MovieViewModel.swift in Sources */,
				2F919EE21A844CE300EDDCEC /* MoviesListViewController.swift in Sources */,
				2F4599151A808518005CADE0 /* MasterViewController.swift in Sources */,
				2F4599131A808518005CADE0 /* AppDelegate.swift in Sources */,
				2F919ECB1A84057E00EDDCEC /* RottenTomatoesService.swift in Sources */,
				2F919EBD1A83F6E100EDDCEC /* MoviesListViewModel.swift in Sources */,
				2F919EE01A84354700EDDCEC /* ReactiveView.swift in Sources */,
				2F919F1F1A8828E600EDDCEC /* DVDListType.swift in Sources */,
				2F919EB01A83F22700EDDCEC /* ViewModelServicesImpl.swift in Sources */,
				2F919ED91A84221A00EDDCEC /* NSLayoutConstraint+Extensions.swift in Sources */,
				2F919EC01A83F77100EDDCEC /* DVDListViewModel.swift in Sources */,
			);
			runOnlyForDeploymentPostprocessing = 0;
		};
		2F45991E1A808519005CADE0 /* Sources */ = {
			isa = PBXSourcesBuildPhase;
			buildActionMask = 2147483647;
			files = (
				2F4599291A808519005CADE0 /* RottenTomatoesTests.swift in Sources */,
			);
			runOnlyForDeploymentPostprocessing = 0;
		};
/* End PBXSourcesBuildPhase section */

/* Begin PBXTargetDependency section */
		2F4599241A808519005CADE0 /* PBXTargetDependency */ = {
			isa = PBXTargetDependency;
			target = 2F45990C1A808518005CADE0 /* RottenTomatoes */;
			targetProxy = 2F4599231A808519005CADE0 /* PBXContainerItemProxy */;
		};
		2F45993C1A808980005CADE0 /* PBXTargetDependency */ = {
			isa = PBXTargetDependency;
			name = Bond;
			targetProxy = 2F45993B1A808980005CADE0 /* PBXContainerItemProxy */;
		};
/* End PBXTargetDependency section */

/* Begin XCBuildConfiguration section */
		2F45992A1A808519005CADE0 /* Debug */ = {
			isa = XCBuildConfiguration;
			buildSettings = {
				ALWAYS_SEARCH_USER_PATHS = NO;
				CLANG_CXX_LANGUAGE_STANDARD = "gnu++0x";
				CLANG_CXX_LIBRARY = "libc++";
				CLANG_ENABLE_MODULES = YES;
				CLANG_ENABLE_OBJC_ARC = YES;
				CLANG_WARN_BOOL_CONVERSION = YES;
				CLANG_WARN_CONSTANT_CONVERSION = YES;
				CLANG_WARN_DIRECT_OBJC_ISA_USAGE = YES_ERROR;
				CLANG_WARN_EMPTY_BODY = YES;
				CLANG_WARN_ENUM_CONVERSION = YES;
				CLANG_WARN_INT_CONVERSION = YES;
				CLANG_WARN_OBJC_ROOT_CLASS = YES_ERROR;
				CLANG_WARN_UNREACHABLE_CODE = YES;
				CLANG_WARN__DUPLICATE_METHOD_MATCH = YES;
				"CODE_SIGN_IDENTITY[sdk=iphoneos*]" = "iPhone Developer";
				COPY_PHASE_STRIP = NO;
				ENABLE_STRICT_OBJC_MSGSEND = YES;
				GCC_C_LANGUAGE_STANDARD = gnu99;
				GCC_DYNAMIC_NO_PIC = NO;
				GCC_OPTIMIZATION_LEVEL = 0;
				GCC_PREPROCESSOR_DEFINITIONS = (
					"DEBUG=1",
					"$(inherited)",
				);
				GCC_SYMBOLS_PRIVATE_EXTERN = NO;
				GCC_WARN_64_TO_32_BIT_CONVERSION = YES;
				GCC_WARN_ABOUT_RETURN_TYPE = YES_ERROR;
				GCC_WARN_UNDECLARED_SELECTOR = YES;
				GCC_WARN_UNINITIALIZED_AUTOS = YES_AGGRESSIVE;
				GCC_WARN_UNUSED_FUNCTION = YES;
				GCC_WARN_UNUSED_VARIABLE = YES;
				IPHONEOS_DEPLOYMENT_TARGET = 8.1;
				MTL_ENABLE_DEBUG_INFO = YES;
				ONLY_ACTIVE_ARCH = YES;
				SDKROOT = iphoneos;
				SWIFT_OPTIMIZATION_LEVEL = "-Onone";
				TARGETED_DEVICE_FAMILY = "1,2";
			};
			name = Debug;
		};
		2F45992B1A808519005CADE0 /* Release */ = {
			isa = XCBuildConfiguration;
			buildSettings = {
				ALWAYS_SEARCH_USER_PATHS = NO;
				CLANG_CXX_LANGUAGE_STANDARD = "gnu++0x";
				CLANG_CXX_LIBRARY = "libc++";
				CLANG_ENABLE_MODULES = YES;
				CLANG_ENABLE_OBJC_ARC = YES;
				CLANG_WARN_BOOL_CONVERSION = YES;
				CLANG_WARN_CONSTANT_CONVERSION = YES;
				CLANG_WARN_DIRECT_OBJC_ISA_USAGE = YES_ERROR;
				CLANG_WARN_EMPTY_BODY = YES;
				CLANG_WARN_ENUM_CONVERSION = YES;
				CLANG_WARN_INT_CONVERSION = YES;
				CLANG_WARN_OBJC_ROOT_CLASS = YES_ERROR;
				CLANG_WARN_UNREACHABLE_CODE = YES;
				CLANG_WARN__DUPLICATE_METHOD_MATCH = YES;
				"CODE_SIGN_IDENTITY[sdk=iphoneos*]" = "iPhone Developer";
				COPY_PHASE_STRIP = YES;
				ENABLE_NS_ASSERTIONS = NO;
				ENABLE_STRICT_OBJC_MSGSEND = YES;
				GCC_C_LANGUAGE_STANDARD = gnu99;
				GCC_WARN_64_TO_32_BIT_CONVERSION = YES;
				GCC_WARN_ABOUT_RETURN_TYPE = YES_ERROR;
				GCC_WARN_UNDECLARED_SELECTOR = YES;
				GCC_WARN_UNINITIALIZED_AUTOS = YES_AGGRESSIVE;
				GCC_WARN_UNUSED_FUNCTION = YES;
				GCC_WARN_UNUSED_VARIABLE = YES;
				IPHONEOS_DEPLOYMENT_TARGET = 8.1;
				MTL_ENABLE_DEBUG_INFO = NO;
				SDKROOT = iphoneos;
				TARGETED_DEVICE_FAMILY = "1,2";
				VALIDATE_PRODUCT = YES;
			};
			name = Release;
		};
		2F45992D1A808519005CADE0 /* Debug */ = {
			isa = XCBuildConfiguration;
			baseConfigurationReference = 24BBD7891C17CAB57584D2BF /* Pods-RottenTomatoes.debug.xcconfig */;
			buildSettings = {
				ASSETCATALOG_COMPILER_APPICON_NAME = AppIcon;
				CLANG_ENABLE_MODULES = YES;
				INFOPLIST_FILE = RottenTomatoes/Info.plist;
				LD_RUNPATH_SEARCH_PATHS = "$(inherited) @executable_path/Frameworks";
				PRODUCT_NAME = "$(TARGET_NAME)";
				SWIFT_OBJC_BRIDGING_HEADER = "RottenTomatoes/RottenTomatoes-Bridging-Header.h";
				SWIFT_OPTIMIZATION_LEVEL = "-Onone";
			};
			name = Debug;
		};
		2F45992E1A808519005CADE0 /* Release */ = {
			isa = XCBuildConfiguration;
			baseConfigurationReference = B978DEB99F06F7C27AFEA1FF /* Pods-RottenTomatoes.release.xcconfig */;
			buildSettings = {
				ASSETCATALOG_COMPILER_APPICON_NAME = AppIcon;
				CLANG_ENABLE_MODULES = YES;
				INFOPLIST_FILE = RottenTomatoes/Info.plist;
				LD_RUNPATH_SEARCH_PATHS = "$(inherited) @executable_path/Frameworks";
				PRODUCT_NAME = "$(TARGET_NAME)";
				SWIFT_OBJC_BRIDGING_HEADER = "RottenTomatoes/RottenTomatoes-Bridging-Header.h";
			};
			name = Release;
		};
		2F4599301A808519005CADE0 /* Debug */ = {
			isa = XCBuildConfiguration;
			buildSettings = {
				BUNDLE_LOADER = "$(TEST_HOST)";
				FRAMEWORK_SEARCH_PATHS = (
					"$(SDKROOT)/Developer/Library/Frameworks",
					"$(inherited)",
				);
				GCC_PREPROCESSOR_DEFINITIONS = (
					"DEBUG=1",
					"$(inherited)",
				);
				INFOPLIST_FILE = RottenTomatoesTests/Info.plist;
				LD_RUNPATH_SEARCH_PATHS = "$(inherited) @executable_path/Frameworks @loader_path/Frameworks";
				PRODUCT_NAME = "$(TARGET_NAME)";
				TEST_HOST = "$(BUILT_PRODUCTS_DIR)/RottenTomatoes.app/RottenTomatoes";
			};
			name = Debug;
		};
		2F4599311A808519005CADE0 /* Release */ = {
			isa = XCBuildConfiguration;
			buildSettings = {
				BUNDLE_LOADER = "$(TEST_HOST)";
				FRAMEWORK_SEARCH_PATHS = (
					"$(SDKROOT)/Developer/Library/Frameworks",
					"$(inherited)",
				);
				INFOPLIST_FILE = RottenTomatoesTests/Info.plist;
				LD_RUNPATH_SEARCH_PATHS = "$(inherited) @executable_path/Frameworks @loader_path/Frameworks";
				PRODUCT_NAME = "$(TARGET_NAME)";
				TEST_HOST = "$(BUILT_PRODUCTS_DIR)/RottenTomatoes.app/RottenTomatoes";
			};
			name = Release;
		};
/* End XCBuildConfiguration section */

/* Begin XCConfigurationList section */
		2F4599081A808518005CADE0 /* Build configuration list for PBXProject "RottenTomatoes" */ = {
			isa = XCConfigurationList;
			buildConfigurations = (
				2F45992A1A808519005CADE0 /* Debug */,
				2F45992B1A808519005CADE0 /* Release */,
			);
			defaultConfigurationIsVisible = 0;
			defaultConfigurationName = Release;
		};
		2F45992C1A808519005CADE0 /* Build configuration list for PBXNativeTarget "RottenTomatoes" */ = {
			isa = XCConfigurationList;
			buildConfigurations = (
				2F45992D1A808519005CADE0 /* Debug */,
				2F45992E1A808519005CADE0 /* Release */,
			);
			defaultConfigurationIsVisible = 0;
			defaultConfigurationName = Release;
		};
		2F45992F1A808519005CADE0 /* Build configuration list for PBXNativeTarget "RottenTomatoesTests" */ = {
			isa = XCConfigurationList;
			buildConfigurations = (
				2F4599301A808519005CADE0 /* Debug */,
				2F4599311A808519005CADE0 /* Release */,
			);
			defaultConfigurationIsVisible = 0;
			defaultConfigurationName = Release;
		};
/* End XCConfigurationList section */
	};
	rootObject = 2F4599051A808518005CADE0 /* Project object */;
}
